dependencies:
- name: chat-ui-operator
  repository: file://../chat-ui-operator
  version: 0.8.0
- name: chat-ui-sync-agent
  repository: file://../chat-ui-sync-agent
  version: 0.8.0
- name: chat-ui-ui
  repository: file://../chat-ui-ui
  version: 0.1.0
digest: sha256:cb0fbe790796992e385d6ac3501a6af7a0f1ad8e922dcf682fb1f23504962081
generated: "2026-04-21T10:04:29.532996+02:00"
