dependencies:
- name: chat-ui-operator
  repository: file://../chat-ui-operator
  version: 0.10.8
- name: chat-ui-sync-agent
  repository: file://../chat-ui-sync-agent
  version: 0.10.8
- name: chat-ui-ui
  repository: file://../chat-ui-ui
  version: 0.1.0
digest: sha256:431c11163c75f7f6e52dda45e4a279fa65a6b61bb67954ecc1c37349e21cad53
generated: "2026-08-13T14:15:03.335582+02:00"
